
Microsoft Visual Studio Solution File, Format Version 12.00
# Visual Studio Version 17
VisualStudioVersion = 17.0.31903.59
MinimumVisualStudioVersion = 10.0.40219.1
Project("{9A19103F-16F7-4668-BE54-9A1E7A4F7556}") = "IMyPlugin", "IMyPlugin\IMyPlugin.csproj", "{1F177927-8AA6-44E3-9F8D-DEA73AE443D6}"
EndProject
Project("{9A19103F-16F7-4668-BE54-9A1E7A4F7556}") = "Plugin601", "Plugin601\Plugin601.csproj", "{579D791F-DB79-4B73-888D-ABC60DEAD8DD}"
EndProject
Project("{9A19103F-16F7-4668-BE54-9A1E7A4F7556}") = "Plugin1001", "Plugin1001\Plugin1001.csproj", "{DB9AB28C-7F82-47B3-BB99-C4355CD201C0}"
EndProject
Project("{9A19103F-16F7-4668-BE54-9A1E7A4F7556}") = "AppWithPlugins", "AppWithPlugins\AppWithPlugins.csproj", "{AAE50F25-6FF4-40E3-96CA-8DDB771850F0}"
EndProject
Project("{9A19103F-16F7-4668-BE54-9A1E7A4F7556}") = "MathNet50", "MathNet50\MathNet50.csproj", "{F3DEA9A3-9A4B-4282-8653-E71D543F91E8}"
EndProject
Project("{9A19103F-16F7-4668-BE54-9A1E7A4F7556}") = "MathNet3x", "MathNet3x\MathNet3x.csproj", "{283E9BBA-631E-4FC4-8ABC-B07889035E9D}"
EndProject
Project("{8BC9CEB8-8B4A-11D0-8D11-00A0C91BC942}") = "NativeLibraryA1", "NativeLibraryA1\NativeLibraryA1.vcxproj", "{8F186912-8A53-4E10-9208-69E3DCC2D4F4}"
EndProject
Project("{8BC9CEB8-8B4A-11D0-8D11-00A0C91BC942}") = "NativeLibraryA2", "NativeLibraryA2\NativeLibraryA2.vcxproj", "{FF1D731A-9A43-44BF-B43D-AA212EE5DE1B}"
EndProject
Project("{8BC9CEB8-8B4A-11D0-8D11-00A0C91BC942}") = "NativeLibraryB1", "NativeLibraryB1\NativeLibraryB1.vcxproj", "{85350971-CC14-4B81-81F2-0D652E61D880}"
EndProject
Project("{9A19103F-16F7-4668-BE54-9A1E7A4F7556}") = "PluginA1", "PluginA1\PluginA1.csproj", "{0587F8D1-39F7-4C28-B62B-3586B4EFFF81}"
EndProject
Project("{9A19103F-16F7-4668-BE54-9A1E7A4F7556}") = "PluginA2", "PluginA2\PluginA2.csproj", "{52B1CB86-974C-4853-9706-03696F6B2F9D}"
EndProject
Project("{9A19103F-16F7-4668-BE54-9A1E7A4F7556}") = "PluginB1", "PluginB1\PluginB1.csproj", "{87F160F9-3810-4CA2-B772-8809505A55A0}"
EndProject
Project("{8BC9CEB8-8B4A-11D0-8D11-00A0C91BC942}") = "NativeLibraryB2", "NativeLibraryB2\NativeLibraryB2.vcxproj", "{78AF0E47-44DE-4E52-B936-ACA741B0986A}"
EndProject
Project("{FAE04EC0-301F-11D3-BF4B-00C04F79EFBC}") = "PluginB2", "PluginB2\PluginB2.csproj", "{8027EFFD-7822-43C4-894F-8565EE5ADC24}"
EndProject
Project("{8BC9CEB8-8B4A-11D0-8D11-00A0C91BC942}") = "NativeLibraryC1", "NativeLibraryC1\NativeLibraryC1.vcxproj", "{61716511-9086-4A38-8C38-2CE500B88E08}"
EndProject
Project("{8BC9CEB8-8B4A-11D0-8D11-00A0C91BC942}") = "NativeLibraryC2", "NativeLibraryC2\NativeLibraryC2.vcxproj", "{0F31F7B0-CB89-441A-B5CC-EE4FCDBAB7F5}"
EndProject
Project("{FAE04EC0-301F-11D3-BF4B-00C04F79EFBC}") = "PluginC1", "PluginC1\PluginC1.csproj", "{A1B05E2C-7493-4F44-939D-168623D9975B}"
EndProject
Project("{FAE04EC0-301F-11D3-BF4B-00C04F79EFBC}") = "PluginC2", "PluginC2\PluginC2.csproj", "{DB33BFE7-2FE9-4B4B-9D6F-1A4FE6DFE8E1}"
EndProject
Global
	GlobalSection(SolutionConfigurationPlatforms) = preSolution
		Debug|Any CPU = Debug|Any CPU
		Debug|x64 = Debug|x64
		Debug|x86 = Debug|x86
		Release|Any CPU = Release|Any CPU
		Release|x64 = Release|x64
		Release|x86 = Release|x86
	EndGlobalSection
	GlobalSection(ProjectConfigurationPlatforms) = postSolution
		{1F177927-8AA6-44E3-9F8D-DEA73AE443D6}.Debug|Any CPU.ActiveCfg = Debug|Any CPU
		{1F177927-8AA6-44E3-9F8D-DEA73AE443D6}.Debug|Any CPU.Build.0 = Debug|Any CPU
		{1F177927-8AA6-44E3-9F8D-DEA73AE443D6}.Debug|x64.ActiveCfg = Debug|Any CPU
		{1F177927-8AA6-44E3-9F8D-DEA73AE443D6}.Debug|x64.Build.0 = Debug|Any CPU
		{1F177927-8AA6-44E3-9F8D-DEA73AE443D6}.Debug|x86.ActiveCfg = Debug|Any CPU
		{1F177927-8AA6-44E3-9F8D-DEA73AE443D6}.Debug|x86.Build.0 = Debug|Any CPU
		{1F177927-8AA6-44E3-9F8D-DEA73AE443D6}.Release|Any CPU.ActiveCfg = Release|Any CPU
		{1F177927-8AA6-44E3-9F8D-DEA73AE443D6}.Release|Any CPU.Build.0 = Release|Any CPU
		{1F177927-8AA6-44E3-9F8D-DEA73AE443D6}.Release|x64.ActiveCfg = Release|Any CPU
		{1F177927-8AA6-44E3-9F8D-DEA73AE443D6}.Release|x64.Build.0 = Release|Any CPU
		{1F177927-8AA6-44E3-9F8D-DEA73AE443D6}.Release|x86.ActiveCfg = Release|Any CPU
		{1F177927-8AA6-44E3-9F8D-DEA73AE443D6}.Release|x86.Build.0 = Release|Any CPU
		{579D791F-DB79-4B73-888D-ABC60DEAD8DD}.Debug|Any CPU.ActiveCfg = Debug|Any CPU
		{579D791F-DB79-4B73-888D-ABC60DEAD8DD}.Debug|Any CPU.Build.0 = Debug|Any CPU
		{579D791F-DB79-4B73-888D-ABC60DEAD8DD}.Debug|x64.ActiveCfg = Debug|Any CPU
		{579D791F-DB79-4B73-888D-ABC60DEAD8DD}.Debug|x64.Build.0 = Debug|Any CPU
		{579D791F-DB79-4B73-888D-ABC60DEAD8DD}.Debug|x86.ActiveCfg = Debug|Any CPU
		{579D791F-DB79-4B73-888D-ABC60DEAD8DD}.Debug|x86.Build.0 = Debug|Any CPU
		{579D791F-DB79-4B73-888D-ABC60DEAD8DD}.Release|Any CPU.ActiveCfg = Release|Any CPU
		{579D791F-DB79-4B73-888D-ABC60DEAD8DD}.Release|Any CPU.Build.0 = Release|Any CPU
		{579D791F-DB79-4B73-888D-ABC60DEAD8DD}.Release|x64.ActiveCfg = Release|Any CPU
		{579D791F-DB79-4B73-888D-ABC60DEAD8DD}.Release|x64.Build.0 = Release|Any CPU
		{579D791F-DB79-4B73-888D-ABC60DEAD8DD}.Release|x86.ActiveCfg = Release|Any CPU
		{579D791F-DB79-4B73-888D-ABC60DEAD8DD}.Release|x86.Build.0 = Release|Any CPU
		{DB9AB28C-7F82-47B3-BB99-C4355CD201C0}.Debug|Any CPU.ActiveCfg = Debug|Any CPU
		{DB9AB28C-7F82-47B3-BB99-C4355CD201C0}.Debug|Any CPU.Build.0 = Debug|Any CPU
		{DB9AB28C-7F82-47B3-BB99-C4355CD201C0}.Debug|x64.ActiveCfg = Debug|Any CPU
		{DB9AB28C-7F82-47B3-BB99-C4355CD201C0}.Debug|x64.Build.0 = Debug|Any CPU
		{DB9AB28C-7F82-47B3-BB99-C4355CD201C0}.Debug|x86.ActiveCfg = Debug|Any CPU
		{DB9AB28C-7F82-47B3-BB99-C4355CD201C0}.Debug|x86.Build.0 = Debug|Any CPU
		{DB9AB28C-7F82-47B3-BB99-C4355CD201C0}.Release|Any CPU.ActiveCfg = Release|Any CPU
		{DB9AB28C-7F82-47B3-BB99-C4355CD201C0}.Release|Any CPU.Build.0 = Release|Any CPU
		{DB9AB28C-7F82-47B3-BB99-C4355CD201C0}.Release|x64.ActiveCfg = Release|Any CPU
		{DB9AB28C-7F82-47B3-BB99-C4355CD201C0}.Release|x64.Build.0 = Release|Any CPU
		{DB9AB28C-7F82-47B3-BB99-C4355CD201C0}.Release|x86.ActiveCfg = Release|Any CPU
		{DB9AB28C-7F82-47B3-BB99-C4355CD201C0}.Release|x86.Build.0 = Release|Any CPU
		{AAE50F25-6FF4-40E3-96CA-8DDB771850F0}.Debug|Any CPU.ActiveCfg = Debug|Any CPU
		{AAE50F25-6FF4-40E3-96CA-8DDB771850F0}.Debug|Any CPU.Build.0 = Debug|Any CPU
		{AAE50F25-6FF4-40E3-96CA-8DDB771850F0}.Debug|x64.ActiveCfg = Debug|Any CPU
		{AAE50F25-6FF4-40E3-96CA-8DDB771850F0}.Debug|x64.Build.0 = Debug|Any CPU
		{AAE50F25-6FF4-40E3-96CA-8DDB771850F0}.Debug|x86.ActiveCfg = Debug|Any CPU
		{AAE50F25-6FF4-40E3-96CA-8DDB771850F0}.Debug|x86.Build.0 = Debug|Any CPU
		{AAE50F25-6FF4-40E3-96CA-8DDB771850F0}.Release|Any CPU.ActiveCfg = Release|Any CPU
		{AAE50F25-6FF4-40E3-96CA-8DDB771850F0}.Release|Any CPU.Build.0 = Release|Any CPU
		{AAE50F25-6FF4-40E3-96CA-8DDB771850F0}.Release|x64.ActiveCfg = Release|Any CPU
		{AAE50F25-6FF4-40E3-96CA-8DDB771850F0}.Release|x64.Build.0 = Release|Any CPU
		{AAE50F25-6FF4-40E3-96CA-8DDB771850F0}.Release|x86.ActiveCfg = Release|Any CPU
		{AAE50F25-6FF4-40E3-96CA-8DDB771850F0}.Release|x86.Build.0 = Release|Any CPU
		{F3DEA9A3-9A4B-4282-8653-E71D543F91E8}.Debug|Any CPU.ActiveCfg = Debug|Any CPU
		{F3DEA9A3-9A4B-4282-8653-E71D543F91E8}.Debug|Any CPU.Build.0 = Debug|Any CPU
		{F3DEA9A3-9A4B-4282-8653-E71D543F91E8}.Debug|x64.ActiveCfg = Debug|Any CPU
		{F3DEA9A3-9A4B-4282-8653-E71D543F91E8}.Debug|x64.Build.0 = Debug|Any CPU
		{F3DEA9A3-9A4B-4282-8653-E71D543F91E8}.Debug|x86.ActiveCfg = Debug|Any CPU
		{F3DEA9A3-9A4B-4282-8653-E71D543F91E8}.Debug|x86.Build.0 = Debug|Any CPU
		{F3DEA9A3-9A4B-4282-8653-E71D543F91E8}.Release|Any CPU.ActiveCfg = Release|Any CPU
		{F3DEA9A3-9A4B-4282-8653-E71D543F91E8}.Release|Any CPU.Build.0 = Release|Any CPU
		{F3DEA9A3-9A4B-4282-8653-E71D543F91E8}.Release|x64.ActiveCfg = Release|Any CPU
		{F3DEA9A3-9A4B-4282-8653-E71D543F91E8}.Release|x64.Build.0 = Release|Any CPU
		{F3DEA9A3-9A4B-4282-8653-E71D543F91E8}.Release|x86.ActiveCfg = Release|Any CPU
		{F3DEA9A3-9A4B-4282-8653-E71D543F91E8}.Release|x86.Build.0 = Release|Any CPU
		{283E9BBA-631E-4FC4-8ABC-B07889035E9D}.Debug|Any CPU.ActiveCfg = Debug|Any CPU
		{283E9BBA-631E-4FC4-8ABC-B07889035E9D}.Debug|Any CPU.Build.0 = Debug|Any CPU
		{283E9BBA-631E-4FC4-8ABC-B07889035E9D}.Debug|x64.ActiveCfg = Debug|Any CPU
		{283E9BBA-631E-4FC4-8ABC-B07889035E9D}.Debug|x64.Build.0 = Debug|Any CPU
		{283E9BBA-631E-4FC4-8ABC-B07889035E9D}.Debug|x86.ActiveCfg = Debug|Any CPU
		{283E9BBA-631E-4FC4-8ABC-B07889035E9D}.Debug|x86.Build.0 = Debug|Any CPU
		{283E9BBA-631E-4FC4-8ABC-B07889035E9D}.Release|Any CPU.ActiveCfg = Release|Any CPU
		{283E9BBA-631E-4FC4-8ABC-B07889035E9D}.Release|Any CPU.Build.0 = Release|Any CPU
		{283E9BBA-631E-4FC4-8ABC-B07889035E9D}.Release|x64.ActiveCfg = Release|Any CPU
		{283E9BBA-631E-4FC4-8ABC-B07889035E9D}.Release|x64.Build.0 = Release|Any CPU
		{283E9BBA-631E-4FC4-8ABC-B07889035E9D}.Release|x86.ActiveCfg = Release|Any CPU
		{283E9BBA-631E-4FC4-8ABC-B07889035E9D}.Release|x86.Build.0 = Release|Any CPU
		{8F186912-8A53-4E10-9208-69E3DCC2D4F4}.Debug|Any CPU.ActiveCfg = Debug|x64
		{8F186912-8A53-4E10-9208-69E3DCC2D4F4}.Debug|Any CPU.Build.0 = Debug|x64
		{8F186912-8A53-4E10-9208-69E3DCC2D4F4}.Debug|x64.ActiveCfg = Debug|x64
		{8F186912-8A53-4E10-9208-69E3DCC2D4F4}.Debug|x64.Build.0 = Debug|x64
		{8F186912-8A53-4E10-9208-69E3DCC2D4F4}.Debug|x86.ActiveCfg = Debug|Win32
		{8F186912-8A53-4E10-9208-69E3DCC2D4F4}.Debug|x86.Build.0 = Debug|Win32
		{8F186912-8A53-4E10-9208-69E3DCC2D4F4}.Release|Any CPU.ActiveCfg = Release|Win32
		{8F186912-8A53-4E10-9208-69E3DCC2D4F4}.Release|Any CPU.Build.0 = Release|Win32
		{8F186912-8A53-4E10-9208-69E3DCC2D4F4}.Release|x64.ActiveCfg = Release|x64
		{8F186912-8A53-4E10-9208-69E3DCC2D4F4}.Release|x64.Build.0 = Release|x64
		{8F186912-8A53-4E10-9208-69E3DCC2D4F4}.Release|x86.ActiveCfg = Release|Win32
		{8F186912-8A53-4E10-9208-69E3DCC2D4F4}.Release|x86.Build.0 = Release|Win32
		{FF1D731A-9A43-44BF-B43D-AA212EE5DE1B}.Debug|Any CPU.ActiveCfg = Debug|x64
		{FF1D731A-9A43-44BF-B43D-AA212EE5DE1B}.Debug|Any CPU.Build.0 = Debug|x64
		{FF1D731A-9A43-44BF-B43D-AA212EE5DE1B}.Debug|x64.ActiveCfg = Debug|x64
		{FF1D731A-9A43-44BF-B43D-AA212EE5DE1B}.Debug|x64.Build.0 = Debug|x64
		{FF1D731A-9A43-44BF-B43D-AA212EE5DE1B}.Debug|x86.ActiveCfg = Debug|Win32
		{FF1D731A-9A43-44BF-B43D-AA212EE5DE1B}.Debug|x86.Build.0 = Debug|Win32
		{FF1D731A-9A43-44BF-B43D-AA212EE5DE1B}.Release|Any CPU.ActiveCfg = Release|Win32
		{FF1D731A-9A43-44BF-B43D-AA212EE5DE1B}.Release|Any CPU.Build.0 = Release|Win32
		{FF1D731A-9A43-44BF-B43D-AA212EE5DE1B}.Release|x64.ActiveCfg = Release|x64
		{FF1D731A-9A43-44BF-B43D-AA212EE5DE1B}.Release|x64.Build.0 = Release|x64
		{FF1D731A-9A43-44BF-B43D-AA212EE5DE1B}.Release|x86.ActiveCfg = Release|Win32
		{FF1D731A-9A43-44BF-B43D-AA212EE5DE1B}.Release|x86.Build.0 = Release|Win32
		{85350971-CC14-4B81-81F2-0D652E61D880}.Debug|Any CPU.ActiveCfg = Debug|x64
		{85350971-CC14-4B81-81F2-0D652E61D880}.Debug|Any CPU.Build.0 = Debug|x64
		{85350971-CC14-4B81-81F2-0D652E61D880}.Debug|x64.ActiveCfg = Debug|x64
		{85350971-CC14-4B81-81F2-0D652E61D880}.Debug|x64.Build.0 = Debug|x64
		{85350971-CC14-4B81-81F2-0D652E61D880}.Debug|x86.ActiveCfg = Debug|Win32
		{85350971-CC14-4B81-81F2-0D652E61D880}.Debug|x86.Build.0 = Debug|Win32
		{85350971-CC14-4B81-81F2-0D652E61D880}.Release|Any CPU.ActiveCfg = Release|Win32
		{85350971-CC14-4B81-81F2-0D652E61D880}.Release|Any CPU.Build.0 = Release|Win32
		{85350971-CC14-4B81-81F2-0D652E61D880}.Release|x64.ActiveCfg = Release|x64
		{85350971-CC14-4B81-81F2-0D652E61D880}.Release|x64.Build.0 = Release|x64
		{85350971-CC14-4B81-81F2-0D652E61D880}.Release|x86.ActiveCfg = Release|Win32
		{85350971-CC14-4B81-81F2-0D652E61D880}.Release|x86.Build.0 = Release|Win32
		{0587F8D1-39F7-4C28-B62B-3586B4EFFF81}.Debug|Any CPU.ActiveCfg = Debug|Any CPU
		{0587F8D1-39F7-4C28-B62B-3586B4EFFF81}.Debug|Any CPU.Build.0 = Debug|Any CPU
		{0587F8D1-39F7-4C28-B62B-3586B4EFFF81}.Debug|x64.ActiveCfg = Debug|Any CPU
		{0587F8D1-39F7-4C28-B62B-3586B4EFFF81}.Debug|x64.Build.0 = Debug|Any CPU
		{0587F8D1-39F7-4C28-B62B-3586B4EFFF81}.Debug|x86.ActiveCfg = Debug|Any CPU
		{0587F8D1-39F7-4C28-B62B-3586B4EFFF81}.Debug|x86.Build.0 = Debug|Any CPU
		{0587F8D1-39F7-4C28-B62B-3586B4EFFF81}.Release|Any CPU.ActiveCfg = Release|Any CPU
		{0587F8D1-39F7-4C28-B62B-3586B4EFFF81}.Release|Any CPU.Build.0 = Release|Any CPU
		{0587F8D1-39F7-4C28-B62B-3586B4EFFF81}.Release|x64.ActiveCfg = Release|Any CPU
		{0587F8D1-39F7-4C28-B62B-3586B4EFFF81}.Release|x64.Build.0 = Release|Any CPU
		{0587F8D1-39F7-4C28-B62B-3586B4EFFF81}.Release|x86.ActiveCfg = Release|Any CPU
		{0587F8D1-39F7-4C28-B62B-3586B4EFFF81}.Release|x86.Build.0 = Release|Any CPU
		{52B1CB86-974C-4853-9706-03696F6B2F9D}.Debug|Any CPU.ActiveCfg = Debug|Any CPU
		{52B1CB86-974C-4853-9706-03696F6B2F9D}.Debug|Any CPU.Build.0 = Debug|Any CPU
		{52B1CB86-974C-4853-9706-03696F6B2F9D}.Debug|x64.ActiveCfg = Debug|Any CPU
		{52B1CB86-974C-4853-9706-03696F6B2F9D}.Debug|x64.Build.0 = Debug|Any CPU
		{52B1CB86-974C-4853-9706-03696F6B2F9D}.Debug|x86.ActiveCfg = Debug|Any CPU
		{52B1CB86-974C-4853-9706-03696F6B2F9D}.Debug|x86.Build.0 = Debug|Any CPU
		{52B1CB86-974C-4853-9706-03696F6B2F9D}.Release|Any CPU.ActiveCfg = Release|Any CPU
		{52B1CB86-974C-4853-9706-03696F6B2F9D}.Release|Any CPU.Build.0 = Release|Any CPU
		{52B1CB86-974C-4853-9706-03696F6B2F9D}.Release|x64.ActiveCfg = Release|Any CPU
		{52B1CB86-974C-4853-9706-03696F6B2F9D}.Release|x64.Build.0 = Release|Any CPU
		{52B1CB86-974C-4853-9706-03696F6B2F9D}.Release|x86.ActiveCfg = Release|Any CPU
		{52B1CB86-974C-4853-9706-03696F6B2F9D}.Release|x86.Build.0 = Release|Any CPU
		{87F160F9-3810-4CA2-B772-8809505A55A0}.Debug|Any CPU.ActiveCfg = Debug|Any CPU
		{87F160F9-3810-4CA2-B772-8809505A55A0}.Debug|Any CPU.Build.0 = Debug|Any CPU
		{87F160F9-3810-4CA2-B772-8809505A55A0}.Debug|x64.ActiveCfg = Debug|Any CPU
		{87F160F9-3810-4CA2-B772-8809505A55A0}.Debug|x64.Build.0 = Debug|Any CPU
		{87F160F9-3810-4CA2-B772-8809505A55A0}.Debug|x86.ActiveCfg = Debug|Any CPU
		{87F160F9-3810-4CA2-B772-8809505A55A0}.Debug|x86.Build.0 = Debug|Any CPU
		{87F160F9-3810-4CA2-B772-8809505A55A0}.Release|Any CPU.ActiveCfg = Release|Any CPU
		{87F160F9-3810-4CA2-B772-8809505A55A0}.Release|Any CPU.Build.0 = Release|Any CPU
		{87F160F9-3810-4CA2-B772-8809505A55A0}.Release|x64.ActiveCfg = Release|Any CPU
		{87F160F9-3810-4CA2-B772-8809505A55A0}.Release|x64.Build.0 = Release|Any CPU
		{87F160F9-3810-4CA2-B772-8809505A55A0}.Release|x86.ActiveCfg = Release|Any CPU
		{87F160F9-3810-4CA2-B772-8809505A55A0}.Release|x86.Build.0 = Release|Any CPU
		{78AF0E47-44DE-4E52-B936-ACA741B0986A}.Debug|Any CPU.ActiveCfg = Debug|x64
		{78AF0E47-44DE-4E52-B936-ACA741B0986A}.Debug|Any CPU.Build.0 = Debug|x64
		{78AF0E47-44DE-4E52-B936-ACA741B0986A}.Debug|x64.ActiveCfg = Debug|x64
		{78AF0E47-44DE-4E52-B936-ACA741B0986A}.Debug|x64.Build.0 = Debug|x64
		{78AF0E47-44DE-4E52-B936-ACA741B0986A}.Debug|x86.ActiveCfg = Debug|Win32
		{78AF0E47-44DE-4E52-B936-ACA741B0986A}.Debug|x86.Build.0 = Debug|Win32
		{78AF0E47-44DE-4E52-B936-ACA741B0986A}.Release|Any CPU.ActiveCfg = Release|x64
		{78AF0E47-44DE-4E52-B936-ACA741B0986A}.Release|Any CPU.Build.0 = Release|x64
		{78AF0E47-44DE-4E52-B936-ACA741B0986A}.Release|x64.ActiveCfg = Release|x64
		{78AF0E47-44DE-4E52-B936-ACA741B0986A}.Release|x64.Build.0 = Release|x64
		{78AF0E47-44DE-4E52-B936-ACA741B0986A}.Release|x86.ActiveCfg = Release|Win32
		{78AF0E47-44DE-4E52-B936-ACA741B0986A}.Release|x86.Build.0 = Release|Win32
		{8027EFFD-7822-43C4-894F-8565EE5ADC24}.Debug|Any CPU.ActiveCfg = Debug|Any CPU
		{8027EFFD-7822-43C4-894F-8565EE5ADC24}.Debug|Any CPU.Build.0 = Debug|Any CPU
		{8027EFFD-7822-43C4-894F-8565EE5ADC24}.Debug|x64.ActiveCfg = Debug|Any CPU
		{8027EFFD-7822-43C4-894F-8565EE5ADC24}.Debug|x64.Build.0 = Debug|Any CPU
		{8027EFFD-7822-43C4-894F-8565EE5ADC24}.Debug|x86.ActiveCfg = Debug|Any CPU
		{8027EFFD-7822-43C4-894F-8565EE5ADC24}.Debug|x86.Build.0 = Debug|Any CPU
		{8027EFFD-7822-43C4-894F-8565EE5ADC24}.Release|Any CPU.ActiveCfg = Release|Any CPU
		{8027EFFD-7822-43C4-894F-8565EE5ADC24}.Release|Any CPU.Build.0 = Release|Any CPU
		{8027EFFD-7822-43C4-894F-8565EE5ADC24}.Release|x64.ActiveCfg = Release|Any CPU
		{8027EFFD-7822-43C4-894F-8565EE5ADC24}.Release|x64.Build.0 = Release|Any CPU
		{8027EFFD-7822-43C4-894F-8565EE5ADC24}.Release|x86.ActiveCfg = Release|Any CPU
		{8027EFFD-7822-43C4-894F-8565EE5ADC24}.Release|x86.Build.0 = Release|Any CPU
		{61716511-9086-4A38-8C38-2CE500B88E08}.Debug|Any CPU.ActiveCfg = Debug|Win32
		{61716511-9086-4A38-8C38-2CE500B88E08}.Debug|Any CPU.Build.0 = Debug|Win32
		{61716511-9086-4A38-8C38-2CE500B88E08}.Debug|x64.ActiveCfg = Debug|x64
		{61716511-9086-4A38-8C38-2CE500B88E08}.Debug|x64.Build.0 = Debug|x64
		{61716511-9086-4A38-8C38-2CE500B88E08}.Debug|x86.ActiveCfg = Debug|Win32
		{61716511-9086-4A38-8C38-2CE500B88E08}.Debug|x86.Build.0 = Debug|Win32
		{61716511-9086-4A38-8C38-2CE500B88E08}.Release|Any CPU.ActiveCfg = Release|Win32
		{61716511-9086-4A38-8C38-2CE500B88E08}.Release|Any CPU.Build.0 = Release|Win32
		{61716511-9086-4A38-8C38-2CE500B88E08}.Release|x64.ActiveCfg = Release|x64
		{61716511-9086-4A38-8C38-2CE500B88E08}.Release|x64.Build.0 = Release|x64
		{61716511-9086-4A38-8C38-2CE500B88E08}.Release|x86.ActiveCfg = Release|Win32
		{61716511-9086-4A38-8C38-2CE500B88E08}.Release|x86.Build.0 = Release|Win32
		{0F31F7B0-CB89-441A-B5CC-EE4FCDBAB7F5}.Debug|Any CPU.ActiveCfg = Debug|Win32
		{0F31F7B0-CB89-441A-B5CC-EE4FCDBAB7F5}.Debug|Any CPU.Build.0 = Debug|Win32
		{0F31F7B0-CB89-441A-B5CC-EE4FCDBAB7F5}.Debug|x64.ActiveCfg = Debug|x64
		{0F31F7B0-CB89-441A-B5CC-EE4FCDBAB7F5}.Debug|x64.Build.0 = Debug|x64
		{0F31F7B0-CB89-441A-B5CC-EE4FCDBAB7F5}.Debug|x86.ActiveCfg = Debug|Win32
		{0F31F7B0-CB89-441A-B5CC-EE4FCDBAB7F5}.Debug|x86.Build.0 = Debug|Win32
		{0F31F7B0-CB89-441A-B5CC-EE4FCDBAB7F5}.Release|Any CPU.ActiveCfg = Release|Win32
		{0F31F7B0-CB89-441A-B5CC-EE4FCDBAB7F5}.Release|Any CPU.Build.0 = Release|Win32
		{0F31F7B0-CB89-441A-B5CC-EE4FCDBAB7F5}.Release|x64.ActiveCfg = Release|x64
		{0F31F7B0-CB89-441A-B5CC-EE4FCDBAB7F5}.Release|x64.Build.0 = Release|x64
		{0F31F7B0-CB89-441A-B5CC-EE4FCDBAB7F5}.Release|x86.ActiveCfg = Release|Win32
		{0F31F7B0-CB89-441A-B5CC-EE4FCDBAB7F5}.Release|x86.Build.0 = Release|Win32
		{A1B05E2C-7493-4F44-939D-168623D9975B}.Debug|Any CPU.ActiveCfg = Debug|Any CPU
		{A1B05E2C-7493-4F44-939D-168623D9975B}.Debug|Any CPU.Build.0 = Debug|Any CPU
		{A1B05E2C-7493-4F44-939D-168623D9975B}.Debug|x64.ActiveCfg = Debug|Any CPU
		{A1B05E2C-7493-4F44-939D-168623D9975B}.Debug|x64.Build.0 = Debug|Any CPU
		{A1B05E2C-7493-4F44-939D-168623D9975B}.Debug|x86.ActiveCfg = Debug|Any CPU
		{A1B05E2C-7493-4F44-939D-168623D9975B}.Debug|x86.Build.0 = Debug|Any CPU
		{A1B05E2C-7493-4F44-939D-168623D9975B}.Release|Any CPU.ActiveCfg = Release|Any CPU
		{A1B05E2C-7493-4F44-939D-168623D9975B}.Release|Any CPU.Build.0 = Release|Any CPU
		{A1B05E2C-7493-4F44-939D-168623D9975B}.Release|x64.ActiveCfg = Release|Any CPU
		{A1B05E2C-7493-4F44-939D-168623D9975B}.Release|x64.Build.0 = Release|Any CPU
		{A1B05E2C-7493-4F44-939D-168623D9975B}.Release|x86.ActiveCfg = Release|Any CPU
		{A1B05E2C-7493-4F44-939D-168623D9975B}.Release|x86.Build.0 = Release|Any CPU
		{DB33BFE7-2FE9-4B4B-9D6F-1A4FE6DFE8E1}.Debug|Any CPU.ActiveCfg = Debug|Any CPU
		{DB33BFE7-2FE9-4B4B-9D6F-1A4FE6DFE8E1}.Debug|Any CPU.Build.0 = Debug|Any CPU
		{DB33BFE7-2FE9-4B4B-9D6F-1A4FE6DFE8E1}.Debug|x64.ActiveCfg = Debug|Any CPU
		{DB33BFE7-2FE9-4B4B-9D6F-1A4FE6DFE8E1}.Debug|x64.Build.0 = Debug|Any CPU
		{DB33BFE7-2FE9-4B4B-9D6F-1A4FE6DFE8E1}.Debug|x86.ActiveCfg = Debug|Any CPU
		{DB33BFE7-2FE9-4B4B-9D6F-1A4FE6DFE8E1}.Debug|x86.Build.0 = Debug|Any CPU
		{DB33BFE7-2FE9-4B4B-9D6F-1A4FE6DFE8E1}.Release|Any CPU.ActiveCfg = Release|Any CPU
		{DB33BFE7-2FE9-4B4B-9D6F-1A4FE6DFE8E1}.Release|Any CPU.Build.0 = Release|Any CPU
		{DB33BFE7-2FE9-4B4B-9D6F-1A4FE6DFE8E1}.Release|x64.ActiveCfg = Release|Any CPU
		{DB33BFE7-2FE9-4B4B-9D6F-1A4FE6DFE8E1}.Release|x64.Build.0 = Release|Any CPU
		{DB33BFE7-2FE9-4B4B-9D6F-1A4FE6DFE8E1}.Release|x86.ActiveCfg = Release|Any CPU
		{DB33BFE7-2FE9-4B4B-9D6F-1A4FE6DFE8E1}.Release|x86.Build.0 = Release|Any CPU
	EndGlobalSection
	GlobalSection(SolutionProperties) = preSolution
		HideSolutionNode = FALSE
	EndGlobalSection
	GlobalSection(ExtensibilityGlobals) = postSolution
		SolutionGuid = {F2556CFA-1F2D-42C7-B4D7-17085FB61984}
	EndGlobalSection
EndGlobal
